// !$*UTF8*$!
{
	archiveVersion = 1;
	classes = {
	};
	objectVersion = 77;
	objects = {

/* Begin PBXBuildFile section */
		27C69A3C089BE2B8996C97C8 /* ussd_codes.json in Resources */ = {isa = PBXBuildFile; fileRef = 32DE437DB24AE17EA9B805D2 /* ussd_codes.json */; };
		45D5D04154E1F75844610E9F /* USSDCode.swift in Sources */ = {isa = PBXBuildFile; fileRef = E3F75FD3CD3D04C8CF5AAAB3 /* USSDCode.swift */; };
		4EEECA1A08818E2E0DC45F3B /* CodeRowView.swift in Sources */ = {isa = PBXBuildFile; fileRef = 2DCB8C71ADE01EFC569272AD /* CodeRowView.swift */; };
		9B09CFB6372A45BBEBD31B83 /* AppTheme.swift in Sources */ = {isa = PBXBuildFile; fileRef = EA51FD9E3B0944453952CBEC /* AppTheme.swift */; };
		9E9337201826A331AEB15F53 /* HomeView.swift in Sources */ = {isa = PBXBuildFile; fileRef = DBB42009B3862BBB265BD485 /* HomeView.swift */; };
		A7E89F493388738FC740617F /* CodeDetailView.swift in Sources */ = {isa = PBXBuildFile; fileRef = 214495122D3728C56309E3A4 /* CodeDetailView.swift */; };
		BEF203F11DC58AD2403C8637 /* CubaCellConnectApp.swift in Sources */ = {isa = PBXBuildFile; fileRef = 36B1CE171340524A29A11A61 /* CubaCellConnectApp.swift */; };
		D94AFC01CAF5FCE522952301 /* USSDCodeStore.swift in Sources */ = {isa = PBXBuildFile; fileRef = 7EFDC85BDAF947367B47DCD6 /* USSDCodeStore.swift */; };
		FE3782F75650524319B76AD5 /* DialService.swift in Sources */ = {isa = PBXBuildFile; fileRef = 9507DD7268798377B0749EB0 /* DialService.swift */; };
/* End PBXBuildFile section */

/* Begin PBXFileReference section */
		214495122D3728C56309E3A4 /* CodeDetailView.swift */ = {isa = PBXFileReference; lastKnownFileType = sourcecode.swift; path = CodeDetailView.swift; sourceTree = "<group>"; };
		2DCB8C71ADE01EFC569272AD /* CodeRowView.swift */ = {isa = PBXFileReference; lastKnownFileType = sourcecode.swift; path = CodeRowView.swift; sourceTree = "<group>"; };
		32DE437DB24AE17EA9B805D2 /* ussd_codes.json */ = {isa = PBXFileReference; lastKnownFileType = text.json; path = ussd_codes.json; sourceTree = "<group>"; };
		36B1CE171340524A29A11A61 /* CubaCellConnectApp.swift */ = {isa = PBXFileReference; lastKnownFileType = sourcecode.swift; path = CubaCellConnectApp.swift; sourceTree = "<group>"; };
		7EFDC85BDAF947367B47DCD6 /* USSDCodeStore.swift */ = {isa = PBXFileReference; lastKnownFileType = sourcecode.swift; path = USSDCodeStore.swift; sourceTree = "<group>"; };
		9507DD7268798377B0749EB0 /* DialService.swift */ = {isa = PBXFileReference; lastKnownFileType = sourcecode.swift; path = DialService.swift; sourceTree = "<group>"; };
		9FD942F62B5D8FC889E92704 /* CubaCellConnect.app */ = {isa = PBXFileReference; includeInIndex = 0; lastKnownFileType = wrapper.application; path = CubaCellConnect.app; sourceTree = BUILT_PRODUCTS_DIR; };
		D483C365C889577313968F89 /* Info.plist */ = {isa = PBXFileReference; lastKnownFileType = text.plist; path = Info.plist; sourceTree = "<group>"; };
		DBB42009B3862BBB265BD485 /* HomeView.swift */ = {isa = PBXFileReference; lastKnownFileType = sourcecode.swift; path = HomeView.swift; sourceTree = "<group>"; };
		E3F75FD3CD3D04C8CF5AAAB3 /* USSDCode.swift */ = {isa = PBXFileReference; lastKnownFileType = sourcecode.swift; path = USSDCode.swift; sourceTree = "<group>"; };
		EA51FD9E3B0944453952CBEC /* AppTheme.swift */ = {isa = PBXFileReference; lastKnownFileType = sourcecode.swift; path = AppTheme.swift; sourceTree = "<group>"; };
/* End PBXFileReference section */

/* Begin PBXGroup section */
		06DE3D0C2CC579E30811B61F /* Theme */ = {
			isa = PBXGroup;
			children = (
				EA51FD9E3B0944453952CBEC /* AppTheme.swift */,
			);
			path = Theme;
			sourceTree = "<group>";
		};
		0B4322DBCE78E6176D7BDCED /* Resources */ = {
			isa = PBXGroup;
			children = (
				32DE437DB24AE17EA9B805D2 /* ussd_codes.json */,
			);
			path = Resources;
			sourceTree = "<group>";
		};
		287C6870DBFE0ED78667FC91 = {
			isa = PBXGroup;
			children = (
				B3E7BFE688972402A8E5EDE8 /* CubaCellConnect */,
				4FCBEC34FABA6678127DBFE0 /* Products */,
			);
			sourceTree = "<group>";
		};
		37076561219EBB2CB49E5319 /* Models */ = {
			isa = PBXGroup;
			children = (
				E3F75FD3CD3D04C8CF5AAAB3 /* USSDCode.swift */,
			);
			path = Models;
			sourceTree = "<group>";
		};
		3743F19007A618271395A9D9 /* Services */ = {
			isa = PBXGroup;
			children = (
				9507DD7268798377B0749EB0 /* DialService.swift */,
				7EFDC85BDAF947367B47DCD6 /* USSDCodeStore.swift */,
			);
			path = Services;
			sourceTree = "<group>";
		};
		4FCBEC34FABA6678127DBFE0 /* Products */ = {
			isa = PBXGroup;
			children = (
				9FD942F62B5D8FC889E92704 /* CubaCellConnect.app */,
			);
			name = Products;
			sourceTree = "<group>";
		};
		863F613859CD68A5DE01E944 /* App */ = {
			isa = PBXGroup;
			children = (
				36B1CE171340524A29A11A61 /* CubaCellConnectApp.swift */,
			);
			path = App;
			sourceTree = "<group>";
		};
		B3E7BFE688972402A8E5EDE8 /* CubaCellConnect */ = {
			isa = PBXGroup;
			children = (
				D483C365C889577313968F89 /* Info.plist */,
				863F613859CD68A5DE01E944 /* App */,
				37076561219EBB2CB49E5319 /* Models */,
				0B4322DBCE78E6176D7BDCED /* Resources */,
				3743F19007A618271395A9D9 /* Services */,
				06DE3D0C2CC579E30811B61F /* Theme */,
				B433106664137A743BC73D13 /* Views */,
			);
			path = CubaCellConnect;
			sourceTree = "<group>";
		};
		B433106664137A743BC73D13 /* Views */ = {
			isa = PBXGroup;
			children = (
				214495122D3728C56309E3A4 /* CodeDetailView.swift */,
				2DCB8C71ADE01EFC569272AD /* CodeRowView.swift */,
				DBB42009B3862BBB265BD485 /* HomeView.swift */,
			);
			path = Views;
			sourceTree = "<group>";
		};
/* End PBXGroup section */

/* Begin PBXNativeTarget section */
		36827856C2473D49C1008493 /* CubaCellConnect */ = {
			isa = PBXNativeTarget;
			buildConfigurationList = B4B97244312FE41FD48040C5 /* Build configuration list for PBXNativeTarget "CubaCellConnect" */;
			buildPhases = (
				082D3EF66A0D4BC99C7C3EFA /* Sources */,
				FE32DAC9BFAE0B2626C63B0F /* Resources */,
			);
			buildRules = (
			);
			dependencies = (
			);
			name = CubaCellConnect;
			packageProductDependencies = (
			);
			productName = CubaCellConnect;
			productReference = 9FD942F62B5D8FC889E92704 /* CubaCellConnect.app */;
			productType = "com.apple.product-type.application";
		};
/* End PBXNativeTarget section */

/* Begin PBXProject section */
		59B95876659769C17E7DFE1B /* Project object */ = {
			isa = PBXProject;
			attributes = {
				BuildIndependentTargetsInParallel = YES;
				LastUpgradeCheck = 1430;
				TargetAttributes = {
				};
			};
			buildConfigurationList = EA9F8E65F978479129F227B4 /* Build configuration list for PBXProject "CubaCellConnect" */;
			developmentRegion = en;
			hasScannedForEncodings = 0;
			knownRegions = (
				Base,
				en,
			);
			mainGroup = 287C6870DBFE0ED78667FC91;
			minimizedProjectReferenceProxies = 1;
			preferredProjectObjectVersion = 77;
			productRefGroup = 4FCBEC34FABA6678127DBFE0 /* Products */;
			projectDirPath = "";
			projectRoot = "";
			targets = (
				36827856C2473D49C1008493 /* CubaCellConnect */,
			);
		};
/* End PBXProject section */

/* Begin PBXResourcesBuildPhase section */
		FE32DAC9BFAE0B2626C63B0F /* Resources */ = {
			isa = PBXResourcesBuildPhase;
			buildActionMask = 2147483647;
			files = (
				27C69A3C089BE2B8996C97C8 /* ussd_codes.json in Resources */,
			);
			runOnlyForDeploymentPostprocessing = 0;
		};
/* End PBXResourcesBuildPhase section */

/* Begin PBXSourcesBuildPhase section */
		082D3EF66A0D4BC99C7C3EFA /* Sources */ = {
			isa = PBXSourcesBuildPhase;
			buildActionMask = 2147483647;
			files = (
				9B09CFB6372A45BBEBD31B83 /* AppTheme.swift in Sources */,
				A7E89F493388738FC740617F /* CodeDetailView.swift in Sources */,
				4EEECA1A08818E2E0DC45F3B /* CodeRowView.swift in Sources */,
				BEF203F11DC58AD2403C8637 /* CubaCellConnectApp.swift in Sources */,
				FE3782F75650524319B76AD5 /* DialService.swift in Sources */,
				9E9337201826A331AEB15F53 /* HomeView.swift in Sources */,
				45D5D04154E1F75844610E9F /* USSDCode.swift in Sources */,
				D94AFC01CAF5FCE522952301 /* USSDCodeStore.swift in Sources */,
			);
			runOnlyForDeploymentPostprocessing = 0;
		};
/* End PBXSourcesBuildPhase section */

/* Begin XCBuildConfiguration section */
		6AE4301EDDF2F244D1B23E19 /* Debug */ = {
			isa = XCBuildConfiguration;
			buildSettings = {
				ASSETCATALOG_COMPILER_APPICON_NAME = AppIcon;
				CODE_SIGN_IDENTITY = "iPhone Developer";
				CURRENT_PROJECT_VERSION = 1;
				INFOPLIST_FILE = CubaCellConnect/Info.plist;
				LD_RUNPATH_SEARCH_PATHS = (
					"$(inherited)",
					"@executable_path/Frameworks",
				);
				MARKETING_VERSION = 1.0.0;
				PRODUCT_BUNDLE_IDENTIFIER = com.cubaCellconnect.app;
				SDKROOT = iphoneos;
				SWIFT_VERSION = 5.9;
				TARGETED_DEVICE_FAMILY = 1;
			};
			name = Debug;
		};
		725524C2AE28655B851AAB80 /* Debug */ = {
			isa = XCBuildConfiguration;
			buildSettings = {
				ALWAYS_SEARCH_USER_PATHS = NO;
				CLANG_ANALYZER_NONNULL = YES;
				CLANG_ANALYZER_NUMBER_OBJECT_CONVERSION = YES_AGGRESSIVE;
				CLANG_CXX_LANGUAGE_STANDARD = "gnu++14";
				CLANG_CXX_LIBRARY = "libc++";
				CLANG_ENABLE_MODULES = YES;
				CLANG_ENABLE_OBJC_ARC = YES;
				CLANG_ENABLE_OBJC_WEAK = YES;
				CLANG_WARN_BLOCK_CAPTURE_AUTORELEASING = YES;
				CLANG_WARN_BOOL_CONVERSION = YES;
				CLANG_WARN_COMMA = YES;
				CLANG_WARN_CONSTANT_CONVERSION = YES;
				CLANG_WARN_DEPRECATED_OBJC_IMPLEMENTATIONS = YES;
				CLANG_WARN_DIRECT_OBJC_ISA_USAGE = YES_ERROR;
				CLANG_WARN_DOCUMENTATION_COMMENTS = YES;
				CLANG_WARN_EMPTY_BODY = YES;
				CLANG_WARN_ENUM_CONVERSION = YES;
				CLANG_WARN_INFINITE_RECURSION = YES;
				CLANG_WARN_INT_CONVERSION = YES;
				CLANG_WARN_NON_LITERAL_NULL_CONVERSION = YES;
				CLANG_WARN_OBJC_IMPLICIT_RETAIN_SELF = YES;
				CLANG_WARN_OBJC_LITERAL_CONVERSION = YES;
				CLANG_WARN_OBJC_ROOT_CLASS = YES_ERROR;
				CLANG_WARN_QUOTED_INCLUDE_IN_FRAMEWORK_HEADER = YES;
				CLANG_WARN_RANGE_LOOP_ANALYSIS = YES;
				CLANG_WARN_STRICT_PROTOTYPES = YES;
				CLANG_WARN_SUSPICIOUS_MOVE = YES;
				CLANG_WARN_UNGUARDED_AVAILABILITY = YES_AGGRESSIVE;
				CLANG_WARN_UNREACHABLE_CODE = YES;
				CLANG_WARN__DUPLICATE_METHOD_MATCH = YES;
				COPY_PHASE_STRIP = NO;
				DEBUG_INFORMATION_FORMAT = dwarf;
				ENABLE_STRICT_OBJC_MSGSEND = YES;
				ENABLE_TESTABILITY = YES;
				GCC_C_LANGUAGE_STANDARD = gnu11;
				GCC_DYNAMIC_NO_PIC = NO;
				GCC_NO_COMMON_BLOCKS = YES;
				GCC_OPTIMIZATION_LEVEL = 0;
				GCC_PREPROCESSOR_DEFINITIONS = (
					"$(inherited)",
					"DEBUG=1",
				);
				GCC_WARN_64_TO_32_BIT_CONVERSION = YES;
				GCC_WARN_ABOUT_RETURN_TYPE = YES_ERROR;
				GCC_WARN_UNDECLARED_SELECTOR = YES;
				GCC_WARN_UNINITIALIZED_AUTOS = YES_AGGRESSIVE;
				GCC_WARN_UNUSED_FUNCTION = YES;
				GCC_WARN_UNUSED_VARIABLE = YES;
				IPHONEOS_DEPLOYMENT_TARGET = 17.0;
				MTL_ENABLE_DEBUG_INFO = INCLUDE_SOURCE;
				MTL_FAST_MATH = YES;
				ONLY_ACTIVE_ARCH = YES;
				PRODUCT_NAME = "$(TARGET_NAME)";
				SDKROOT = iphoneos;
				SWIFT_ACTIVE_COMPILATION_CONDITIONS = DEBUG;
				SWIFT_OPTIMIZATION_LEVEL = "-Onone";
				SWIFT_VERSION = 5.0;
			};
			name = Debug;
		};
		733F0A993FDDDDEA48C217F9 /* Release */ = {
			isa = XCBuildConfiguration;
			buildSettings = {
				ASSETCATALOG_COMPILER_APPICON_NAME = AppIcon;
				CODE_SIGN_IDENTITY = "iPhone Developer";
				CURRENT_PROJECT_VERSION = 1;
				INFOPLIST_FILE = CubaCellConnect/Info.plist;
				LD_RUNPATH_SEARCH_PATHS = (
					"$(inherited)",
					"@executable_path/Frameworks",
				);
				MARKETING_VERSION = 1.0.0;
				PRODUCT_BUNDLE_IDENTIFIER = com.cubaCellconnect.app;
				SDKROOT = iphoneos;
				SWIFT_VERSION = 5.9;
				TARGETED_DEVICE_FAMILY = 1;
			};
			name = Release;
		};
		C6DC7B5E736BB0639E7BAA15 /* Release */ = {
			isa = XCBuildConfiguration;
			buildSettings = {
				ALWAYS_SEARCH_USER_PATHS = NO;
				CLANG_ANALYZER_NONNULL = YES;
				CLANG_ANALYZER_NUMBER_OBJECT_CONVERSION = YES_AGGRESSIVE;
				CLANG_CXX_LANGUAGE_STANDARD = "gnu++14";
				CLANG_CXX_LIBRARY = "libc++";
				CLANG_ENABLE_MODULES = YES;
				CLANG_ENABLE_OBJC_ARC = YES;
				CLANG_ENABLE_OBJC_WEAK = YES;
				CLANG_WARN_BLOCK_CAPTURE_AUTORELEASING = YES;
				CLANG_WARN_BOOL_CONVERSION = YES;
				CLANG_WARN_COMMA = YES;
				CLANG_WARN_CONSTANT_CONVERSION = YES;
				CLANG_WARN_DEPRECATED_OBJC_IMPLEMENTATIONS = YES;
				CLANG_WARN_DIRECT_OBJC_ISA_USAGE = YES_ERROR;
				CLANG_WARN_DOCUMENTATION_COMMENTS = YES;
				CLANG_WARN_EMPTY_BODY = YES;
				CLANG_WARN_ENUM_CONVERSION = YES;
				CLANG_WARN_INFINITE_RECURSION = YES;
				CLANG_WARN_INT_CONVERSION = YES;
				CLANG_WARN_NON_LITERAL_NULL_CONVERSION = YES;
				CLANG_WARN_OBJC_IMPLICIT_RETAIN_SELF = YES;
				CLANG_WARN_OBJC_LITERAL_CONVERSION = YES;
				CLANG_WARN_OBJC_ROOT_CLASS = YES_ERROR;
				CLANG_WARN_QUOTED_INCLUDE_IN_FRAMEWORK_HEADER = YES;
				CLANG_WARN_RANGE_LOOP_ANALYSIS = YES;
				CLANG_WARN_STRICT_PROTOTYPES = YES;
				CLANG_WARN_SUSPICIOUS_MOVE = YES;
				CLANG_WARN_UNGUARDED_AVAILABILITY = YES_AGGRESSIVE;
				CLANG_WARN_UNREACHABLE_CODE = YES;
				CLANG_WARN__DUPLICATE_METHOD_MATCH = YES;
				COPY_PHASE_STRIP = NO;
				DEBUG_INFORMATION_FORMAT = "dwarf-with-dsym";
				ENABLE_NS_ASSERTIONS = NO;
				ENABLE_STRICT_OBJC_MSGSEND = YES;
				GCC_C_LANGUAGE_STANDARD = gnu11;
				GCC_NO_COMMON_BLOCKS = YES;
				GCC_WARN_64_TO_32_BIT_CONVERSION = YES;
				GCC_WARN_ABOUT_RETURN_TYPE = YES_ERROR;
				GCC_WARN_UNDECLARED_SELECTOR = YES;
				GCC_WARN_UNINITIALIZED_AUTOS = YES_AGGRESSIVE;
				GCC_WARN_UNUSED_FUNCTION = YES;
				GCC_WARN_UNUSED_VARIABLE = YES;
				IPHONEOS_DEPLOYMENT_TARGET = 17.0;
				MTL_ENABLE_DEBUG_INFO = NO;
				MTL_FAST_MATH = YES;
				PRODUCT_NAME = "$(TARGET_NAME)";
				SDKROOT = iphoneos;
				SWIFT_COMPILATION_MODE = wholemodule;
				SWIFT_OPTIMIZATION_LEVEL = "-O";
				SWIFT_VERSION = 5.0;
			};
			name = Release;
		};
/* End XCBuildConfiguration section */

/* Begin XCConfigurationList section */
		B4B97244312FE41FD48040C5 /* Build configuration list for PBXNativeTarget "CubaCellConnect" */ = {
			isa = XCConfigurationList;
			buildConfigurations = (
				6AE4301EDDF2F244D1B23E19 /* Debug */,
				733F0A993FDDDDEA48C217F9 /* Release */,
			);
			defaultConfigurationIsVisible = 0;
			defaultConfigurationName = Debug;
		};
		EA9F8E65F978479129F227B4 /* Build configuration list for PBXProject "CubaCellConnect" */ = {
			isa = XCConfigurationList;
			buildConfigurations = (
				725524C2AE28655B851AAB80 /* Debug */,
				C6DC7B5E736BB0639E7BAA15 /* Release */,
			);
			defaultConfigurationIsVisible = 0;
			defaultConfigurationName = Debug;
		};
/* End XCConfigurationList section */
	};
	rootObject = 59B95876659769C17E7DFE1B /* Project object */;
}
