// !$*UTF8*$!
{
	archiveVersion = 1;
	classes = {
	};
	objectVersion = 77;
	objects = {

/* Begin PBXBuildFile section */
		0C99AE6398D61A6FD54A85B1 /* CallerIDStore.swift in Sources */ = {isa = PBXBuildFile; fileRef = D3A4CA82E14E12403B650661 /* CallerIDStore.swift */; };
		332BC5A8EFD398D7CDA7921A /* CubaCellConnectApp.swift in Sources */ = {isa = PBXBuildFile; fileRef = B42F76B0A40014FFAE60B01C /* CubaCellConnectApp.swift */; };
		3DAFD03E99CD919E15BACD2A /* CallerIDExtension.appex in Embed Foundation Extensions */ = {isa = PBXBuildFile; fileRef = 4720B815C3ABE39F43851DB9 /* CallerIDExtension.appex */; settings = {ATTRIBUTES = (RemoveHeadersOnCopy, ); }; };
		704E47BDCF79C035358A9689 /* codes.json in Resources */ = {isa = PBXBuildFile; fileRef = DA6B44DA336D0F4122155583 /* codes.json */; };
		778E95DF987CBCB1B1B9859E /* CallDirectoryHandler.swift in Sources */ = {isa = PBXBuildFile; fileRef = 0E431AD3BD2CC9FC72A29867 /* CallDirectoryHandler.swift */; };
		89383D691DA00C11E79AEDB0 /* wifi_navigation_rooms.json in Resources */ = {isa = PBXBuildFile; fileRef = 5F632F607ADB7D71EC7B4108 /* wifi_navigation_rooms.json */; };
		927DE9A026A9C4D07E52BA5C /* CallerIDStore.swift in Sources */ = {isa = PBXBuildFile; fileRef = D3A4CA82E14E12403B650661 /* CallerIDStore.swift */; };
		9D6ACCB28223EF356CCB4688 /* UIComponents.swift in Sources */ = {isa = PBXBuildFile; fileRef = 2BF9C10AEFF8AF0BACDB3F60 /* UIComponents.swift */; };
		B9A6AE80A38BFCD3CBF50167 /* Services.swift in Sources */ = {isa = PBXBuildFile; fileRef = ABCF6546FD849E3569404C90 /* Services.swift */; };
		C06743242B219BCFD4B334BA /* Views.swift in Sources */ = {isa = PBXBuildFile; fileRef = F54355AC0CD3658BC50E3384 /* Views.swift */; };
		C5A30201A64E84BEE656A407 /* Models.swift in Sources */ = {isa = PBXBuildFile; fileRef = 767C11CEA2E45E76EA941172 /* Models.swift */; };
/* End PBXBuildFile section */

/* Begin PBXContainerItemProxy section */
		BE258E1FF9C626FD17C73D0D /* PBXContainerItemProxy */ = {
			isa = PBXContainerItemProxy;
			containerPortal = AF807CCAB1C395A92E84DDF1 /* Project object */;
			proxyType = 1;
			remoteGlobalIDString = A63B0B48F10D68F7F01EE7E7;
			remoteInfo = CallerIDExtension;
		};
/* End PBXContainerItemProxy section */

/* Begin PBXCopyFilesBuildPhase section */
		C3BC08979C437BA8CD487605 /* Embed Foundation Extensions */ = {
			isa = PBXCopyFilesBuildPhase;
			buildActionMask = 2147483647;
			dstPath = "";
			dstSubfolderSpec = 13;
			files = (
				3DAFD03E99CD919E15BACD2A /* CallerIDExtension.appex in Embed Foundation Extensions */,
			);
			name = "Embed Foundation Extensions";
			runOnlyForDeploymentPostprocessing = 0;
		};
/* End PBXCopyFilesBuildPhase section */

/* Begin PBXFileReference section */
		0E431AD3BD2CC9FC72A29867 /* CallDirectoryHandler.swift */ = {isa = PBXFileReference; lastKnownFileType = sourcecode.swift; path = CallDirectoryHandler.swift; sourceTree = "<group>"; };
		251444BC197B4C25A3B7D314 /* CubaCellConnect.entitlements */ = {isa = PBXFileReference; lastKnownFileType = text.plist.entitlements; path = CubaCellConnect.entitlements; sourceTree = "<group>"; };
		2BF9C10AEFF8AF0BACDB3F60 /* UIComponents.swift */ = {isa = PBXFileReference; lastKnownFileType = sourcecode.swift; path = UIComponents.swift; sourceTree = "<group>"; };
		39C162F860A97892042A87C0 /* CubaCellConnect.app */ = {isa = PBXFileReference; includeInIndex = 0; lastKnownFileType = wrapper.application; path = CubaCellConnect.app; sourceTree = BUILT_PRODUCTS_DIR; };
		4720B815C3ABE39F43851DB9 /* CallerIDExtension.appex */ = {isa = PBXFileReference; includeInIndex = 0; lastKnownFileType = "wrapper.app-extension"; path = CallerIDExtension.appex; sourceTree = BUILT_PRODUCTS_DIR; };
		5F632F607ADB7D71EC7B4108 /* wifi_navigation_rooms.json */ = {isa = PBXFileReference; lastKnownFileType = text.json; path = wifi_navigation_rooms.json; sourceTree = "<group>"; };
		767C11CEA2E45E76EA941172 /* Models.swift */ = {isa = PBXFileReference; lastKnownFileType = sourcecode.swift; path = Models.swift; sourceTree = "<group>"; };
		8B8933439DF944FED239C2BA /* CallerIDExtension.entitlements */ = {isa = PBXFileReference; lastKnownFileType = text.plist.entitlements; path = CallerIDExtension.entitlements; sourceTree = "<group>"; };
		ABCF6546FD849E3569404C90 /* Services.swift */ = {isa = PBXFileReference; lastKnownFileType = sourcecode.swift; path = Services.swift; sourceTree = "<group>"; };
		B42F76B0A40014FFAE60B01C /* CubaCellConnectApp.swift */ = {isa = PBXFileReference; lastKnownFileType = sourcecode.swift; path = CubaCellConnectApp.swift; sourceTree = "<group>"; };
		D3A4CA82E14E12403B650661 /* CallerIDStore.swift */ = {isa = PBXFileReference; lastKnownFileType = sourcecode.swift; path = CallerIDStore.swift; sourceTree = "<group>"; };
		D72E9E4ED4E01DA10E81BCFA /* Info.plist */ = {isa = PBXFileReference; lastKnownFileType = text.plist; path = Info.plist; sourceTree = "<group>"; };
		DA6B44DA336D0F4122155583 /* codes.json */ = {isa = PBXFileReference; lastKnownFileType = text.json; path = codes.json; sourceTree = "<group>"; };
		F3E7A139157A32BA130BD258 /* Info.plist */ = {isa = PBXFileReference; lastKnownFileType = text.plist; path = Info.plist; sourceTree = "<group>"; };
		F54355AC0CD3658BC50E3384 /* Views.swift */ = {isa = PBXFileReference; lastKnownFileType = sourcecode.swift; path = Views.swift; sourceTree = "<group>"; };
/* End PBXFileReference section */

/* Begin PBXGroup section */
		0AC9244090B0785DE255B3EE = {
			isa = PBXGroup;
			children = (
				3BC846FA7B52C71F979B791A /* CallerIDExtension */,
				209415611E53404F1F2B5681 /* CubaCellConnect */,
				F17797229FF78FEC7DE9864E /* Shared */,
				B7D1CD9D62FD37D4EA19C396 /* Products */,
			);
			sourceTree = "<group>";
		};
		209415611E53404F1F2B5681 /* CubaCellConnect */ = {
			isa = PBXGroup;
			children = (
				DA6B44DA336D0F4122155583 /* codes.json */,
				251444BC197B4C25A3B7D314 /* CubaCellConnect.entitlements */,
				B42F76B0A40014FFAE60B01C /* CubaCellConnectApp.swift */,
				D72E9E4ED4E01DA10E81BCFA /* Info.plist */,
				767C11CEA2E45E76EA941172 /* Models.swift */,
				ABCF6546FD849E3569404C90 /* Services.swift */,
				2BF9C10AEFF8AF0BACDB3F60 /* UIComponents.swift */,
				F54355AC0CD3658BC50E3384 /* Views.swift */,
				21B41B9C2D6A5BB19E821CEF /* data */,
			);
			path = CubaCellConnect;
			sourceTree = "<group>";
		};
		21B41B9C2D6A5BB19E821CEF /* data */ = {
			isa = PBXGroup;
			children = (
				5F632F607ADB7D71EC7B4108 /* wifi_navigation_rooms.json */,
			);
			path = data;
			sourceTree = "<group>";
		};
		3BC846FA7B52C71F979B791A /* CallerIDExtension */ = {
			isa = PBXGroup;
			children = (
				0E431AD3BD2CC9FC72A29867 /* CallDirectoryHandler.swift */,
				8B8933439DF944FED239C2BA /* CallerIDExtension.entitlements */,
				F3E7A139157A32BA130BD258 /* Info.plist */,
			);
			path = CallerIDExtension;
			sourceTree = "<group>";
		};
		B7D1CD9D62FD37D4EA19C396 /* Products */ = {
			isa = PBXGroup;
			children = (
				4720B815C3ABE39F43851DB9 /* CallerIDExtension.appex */,
				39C162F860A97892042A87C0 /* CubaCellConnect.app */,
			);
			name = Products;
			sourceTree = "<group>";
		};
		F17797229FF78FEC7DE9864E /* Shared */ = {
			isa = PBXGroup;
			children = (
				D3A4CA82E14E12403B650661 /* CallerIDStore.swift */,
			);
			path = Shared;
			sourceTree = "<group>";
		};
/* End PBXGroup section */

/* Begin PBXNativeTarget section */
		A63B0B48F10D68F7F01EE7E7 /* CallerIDExtension */ = {
			isa = PBXNativeTarget;
			buildConfigurationList = 114C83BCD2E43CC8F9F885C3 /* Build configuration list for PBXNativeTarget "CallerIDExtension" */;
			buildPhases = (
				458D67D602A0CA6EA6046945 /* Sources */,
			);
			buildRules = (
			);
			dependencies = (
			);
			name = CallerIDExtension;
			packageProductDependencies = (
			);
			productName = CallerIDExtension;
			productReference = 4720B815C3ABE39F43851DB9 /* CallerIDExtension.appex */;
			productType = "com.apple.product-type.app-extension";
		};
		EB8D1B900E1DD4AB439A7712 /* CubaCellConnect */ = {
			isa = PBXNativeTarget;
			buildConfigurationList = 97B7023721A6249217127C5F /* Build configuration list for PBXNativeTarget "CubaCellConnect" */;
			buildPhases = (
				FE4356EC1257B6BFFF2A8A02 /* Sources */,
				EDA6DEA76E46770F39E4CFE3 /* Resources */,
				C3BC08979C437BA8CD487605 /* Embed Foundation Extensions */,
			);
			buildRules = (
			);
			dependencies = (
				F0A52D7242DFD325CFFB9827 /* PBXTargetDependency */,
			);
			name = CubaCellConnect;
			packageProductDependencies = (
			);
			productName = CubaCellConnect;
			productReference = 39C162F860A97892042A87C0 /* CubaCellConnect.app */;
			productType = "com.apple.product-type.application";
		};
/* End PBXNativeTarget section */

/* Begin PBXProject section */
		AF807CCAB1C395A92E84DDF1 /* Project object */ = {
			isa = PBXProject;
			attributes = {
				BuildIndependentTargetsInParallel = YES;
				LastUpgradeCheck = 1430;
				TargetAttributes = {
				};
			};
			buildConfigurationList = 2065CB13BB80B43220EDC455 /* Build configuration list for PBXProject "CubaCellConnect" */;
			developmentRegion = en;
			hasScannedForEncodings = 0;
			knownRegions = (
				Base,
				en,
			);
			mainGroup = 0AC9244090B0785DE255B3EE;
			minimizedProjectReferenceProxies = 1;
			preferredProjectObjectVersion = 77;
			productRefGroup = B7D1CD9D62FD37D4EA19C396 /* Products */;
			projectDirPath = "";
			projectRoot = "";
			targets = (
				A63B0B48F10D68F7F01EE7E7 /* CallerIDExtension */,
				EB8D1B900E1DD4AB439A7712 /* CubaCellConnect */,
			);
		};
/* End PBXProject section */

/* Begin PBXResourcesBuildPhase section */
		EDA6DEA76E46770F39E4CFE3 /* Resources */ = {
			isa = PBXResourcesBuildPhase;
			buildActionMask = 2147483647;
			files = (
				704E47BDCF79C035358A9689 /* codes.json in Resources */,
				89383D691DA00C11E79AEDB0 /* wifi_navigation_rooms.json in Resources */,
			);
			runOnlyForDeploymentPostprocessing = 0;
		};
/* End PBXResourcesBuildPhase section */

/* Begin PBXSourcesBuildPhase section */
		458D67D602A0CA6EA6046945 /* Sources */ = {
			isa = PBXSourcesBuildPhase;
			buildActionMask = 2147483647;
			files = (
				778E95DF987CBCB1B1B9859E /* CallDirectoryHandler.swift in Sources */,
				927DE9A026A9C4D07E52BA5C /* CallerIDStore.swift in Sources */,
			);
			runOnlyForDeploymentPostprocessing = 0;
		};
		FE4356EC1257B6BFFF2A8A02 /* Sources */ = {
			isa = PBXSourcesBuildPhase;
			buildActionMask = 2147483647;
			files = (
				0C99AE6398D61A6FD54A85B1 /* CallerIDStore.swift in Sources */,
				332BC5A8EFD398D7CDA7921A /* CubaCellConnectApp.swift in Sources */,
				C5A30201A64E84BEE656A407 /* Models.swift in Sources */,
				B9A6AE80A38BFCD3CBF50167 /* Services.swift in Sources */,
				9D6ACCB28223EF356CCB4688 /* UIComponents.swift in Sources */,
				C06743242B219BCFD4B334BA /* Views.swift in Sources */,
			);
			runOnlyForDeploymentPostprocessing = 0;
		};
/* End PBXSourcesBuildPhase section */

/* Begin PBXTargetDependency section */
		F0A52D7242DFD325CFFB9827 /* PBXTargetDependency */ = {
			isa = PBXTargetDependency;
			target = A63B0B48F10D68F7F01EE7E7 /* CallerIDExtension */;
			targetProxy = BE258E1FF9C626FD17C73D0D /* PBXContainerItemProxy */;
		};
/* End PBXTargetDependency section */

/* Begin XCBuildConfiguration section */
		32F6CC04F08E5B02716CC47B /* Release */ = {
			isa = XCBuildConfiguration;
			buildSettings = {
				CODE_SIGN_ENTITLEMENTS = CallerIDExtension/CallerIDExtension.entitlements;
				CURRENT_PROJECT_VERSION = 1;
				INFOPLIST_FILE = CallerIDExtension/Info.plist;
				LD_RUNPATH_SEARCH_PATHS = (
					"$(inherited)",
					"@executable_path/Frameworks",
					"@executable_path/../../Frameworks",
				);
				MARKETING_VERSION = 1.0.0;
				PRODUCT_BUNDLE_IDENTIFIER = com.cubacellconnect.app.CallerIDExtension;
				SDKROOT = iphoneos;
				SKIP_INSTALL = NO;
				SWIFT_VERSION = 5.9;
				TARGETED_DEVICE_FAMILY = 1;
			};
			name = Release;
		};
		4E504E35AD3894435552BE19 /* Release */ = {
			isa = XCBuildConfiguration;
			buildSettings = {
				ALWAYS_SEARCH_USER_PATHS = NO;
				CLANG_ANALYZER_NONNULL = YES;
				CLANG_ANALYZER_NUMBER_OBJECT_CONVERSION = YES_AGGRESSIVE;
				CLANG_CXX_LANGUAGE_STANDARD = "gnu++14";
				CLANG_CXX_LIBRARY = "libc++";
				CLANG_ENABLE_MODULES = YES;
				CLANG_ENABLE_OBJC_ARC = YES;
				CLANG_ENABLE_OBJC_WEAK = YES;
				CLANG_WARN_BLOCK_CAPTURE_AUTORELEASING = YES;
				CLANG_WARN_BOOL_CONVERSION = YES;
				CLANG_WARN_COMMA = YES;
				CLANG_WARN_CONSTANT_CONVERSION = YES;
				CLANG_WARN_DEPRECATED_OBJC_IMPLEMENTATIONS = YES;
				CLANG_WARN_DIRECT_OBJC_ISA_USAGE = YES_ERROR;
				CLANG_WARN_DOCUMENTATION_COMMENTS = YES;
				CLANG_WARN_EMPTY_BODY = YES;
				CLANG_WARN_ENUM_CONVERSION = YES;
				CLANG_WARN_INFINITE_RECURSION = YES;
				CLANG_WARN_INT_CONVERSION = YES;
				CLANG_WARN_NON_LITERAL_NULL_CONVERSION = YES;
				CLANG_WARN_OBJC_IMPLICIT_RETAIN_SELF = YES;
				CLANG_WARN_OBJC_LITERAL_CONVERSION = YES;
				CLANG_WARN_OBJC_ROOT_CLASS = YES_ERROR;
				CLANG_WARN_QUOTED_INCLUDE_IN_FRAMEWORK_HEADER = YES;
				CLANG_WARN_RANGE_LOOP_ANALYSIS = YES;
				CLANG_WARN_STRICT_PROTOTYPES = YES;
				CLANG_WARN_SUSPICIOUS_MOVE = YES;
				CLANG_WARN_UNGUARDED_AVAILABILITY = YES_AGGRESSIVE;
				CLANG_WARN_UNREACHABLE_CODE = YES;
				CLANG_WARN__DUPLICATE_METHOD_MATCH = YES;
				COPY_PHASE_STRIP = NO;
				DEBUG_INFORMATION_FORMAT = "dwarf-with-dsym";
				ENABLE_NS_ASSERTIONS = NO;
				ENABLE_STRICT_OBJC_MSGSEND = YES;
				GCC_C_LANGUAGE_STANDARD = gnu11;
				GCC_NO_COMMON_BLOCKS = YES;
				GCC_WARN_64_TO_32_BIT_CONVERSION = YES;
				GCC_WARN_ABOUT_RETURN_TYPE = YES_ERROR;
				GCC_WARN_UNDECLARED_SELECTOR = YES;
				GCC_WARN_UNINITIALIZED_AUTOS = YES_AGGRESSIVE;
				GCC_WARN_UNUSED_FUNCTION = YES;
				GCC_WARN_UNUSED_VARIABLE = YES;
				IPHONEOS_DEPLOYMENT_TARGET = 17.0;
				MTL_ENABLE_DEBUG_INFO = NO;
				MTL_FAST_MATH = YES;
				PRODUCT_NAME = "$(TARGET_NAME)";
				SDKROOT = iphoneos;
				SWIFT_COMPILATION_MODE = wholemodule;
				SWIFT_OPTIMIZATION_LEVEL = "-O";
				SWIFT_VERSION = 5.0;
			};
			name = Release;
		};
		7D09DCEE87D99924741A594B /* Debug */ = {
			isa = XCBuildConfiguration;
			buildSettings = {
				CODE_SIGN_ENTITLEMENTS = CallerIDExtension/CallerIDExtension.entitlements;
				CURRENT_PROJECT_VERSION = 1;
				INFOPLIST_FILE = CallerIDExtension/Info.plist;
				LD_RUNPATH_SEARCH_PATHS = (
					"$(inherited)",
					"@executable_path/Frameworks",
					"@executable_path/../../Frameworks",
				);
				MARKETING_VERSION = 1.0.0;
				PRODUCT_BUNDLE_IDENTIFIER = com.cubacellconnect.app.CallerIDExtension;
				SDKROOT = iphoneos;
				SKIP_INSTALL = NO;
				SWIFT_VERSION = 5.9;
				TARGETED_DEVICE_FAMILY = 1;
			};
			name = Debug;
		};
		AE575407A92F4E9F1C5F8C7B /* Debug */ = {
			isa = XCBuildConfiguration;
			buildSettings = {
				ASSETCATALOG_COMPILER_APPICON_NAME = AppIcon;
				CODE_SIGN_ENTITLEMENTS = CubaCellConnect/CubaCellConnect.entitlements;
				CODE_SIGN_IDENTITY = "iPhone Developer";
				CURRENT_PROJECT_VERSION = 1;
				INFOPLIST_FILE = CubaCellConnect/Info.plist;
				LD_RUNPATH_SEARCH_PATHS = (
					"$(inherited)",
					"@executable_path/Frameworks",
				);
				MARKETING_VERSION = 1.0.0;
				PRODUCT_BUNDLE_IDENTIFIER = com.cubacellconnect.app;
				SDKROOT = iphoneos;
				SWIFT_VERSION = 5.9;
				TARGETED_DEVICE_FAMILY = 1;
			};
			name = Debug;
		};
		E58AAA608318EA2A8EE7521A /* Release */ = {
			isa = XCBuildConfiguration;
			buildSettings = {
				ASSETCATALOG_COMPILER_APPICON_NAME = AppIcon;
				CODE_SIGN_ENTITLEMENTS = CubaCellConnect/CubaCellConnect.entitlements;
				CODE_SIGN_IDENTITY = "iPhone Developer";
				CURRENT_PROJECT_VERSION = 1;
				INFOPLIST_FILE = CubaCellConnect/Info.plist;
				LD_RUNPATH_SEARCH_PATHS = (
					"$(inherited)",
					"@executable_path/Frameworks",
				);
				MARKETING_VERSION = 1.0.0;
				PRODUCT_BUNDLE_IDENTIFIER = com.cubacellconnect.app;
				SDKROOT = iphoneos;
				SWIFT_VERSION = 5.9;
				TARGETED_DEVICE_FAMILY = 1;
			};
			name = Release;
		};
		E902A6AA461F49BB27195211 /* Debug */ = {
			isa = XCBuildConfiguration;
			buildSettings = {
				ALWAYS_SEARCH_USER_PATHS = NO;
				CLANG_ANALYZER_NONNULL = YES;
				CLANG_ANALYZER_NUMBER_OBJECT_CONVERSION = YES_AGGRESSIVE;
				CLANG_CXX_LANGUAGE_STANDARD = "gnu++14";
				CLANG_CXX_LIBRARY = "libc++";
				CLANG_ENABLE_MODULES = YES;
				CLANG_ENABLE_OBJC_ARC = YES;
				CLANG_ENABLE_OBJC_WEAK = YES;
				CLANG_WARN_BLOCK_CAPTURE_AUTORELEASING = YES;
				CLANG_WARN_BOOL_CONVERSION = YES;
				CLANG_WARN_COMMA = YES;
				CLANG_WARN_CONSTANT_CONVERSION = YES;
				CLANG_WARN_DEPRECATED_OBJC_IMPLEMENTATIONS = YES;
				CLANG_WARN_DIRECT_OBJC_ISA_USAGE = YES_ERROR;
				CLANG_WARN_DOCUMENTATION_COMMENTS = YES;
				CLANG_WARN_EMPTY_BODY = YES;
				CLANG_WARN_ENUM_CONVERSION = YES;
				CLANG_WARN_INFINITE_RECURSION = YES;
				CLANG_WARN_INT_CONVERSION = YES;
				CLANG_WARN_NON_LITERAL_NULL_CONVERSION = YES;
				CLANG_WARN_OBJC_IMPLICIT_RETAIN_SELF = YES;
				CLANG_WARN_OBJC_LITERAL_CONVERSION = YES;
				CLANG_WARN_OBJC_ROOT_CLASS = YES_ERROR;
				CLANG_WARN_QUOTED_INCLUDE_IN_FRAMEWORK_HEADER = YES;
				CLANG_WARN_RANGE_LOOP_ANALYSIS = YES;
				CLANG_WARN_STRICT_PROTOTYPES = YES;
				CLANG_WARN_SUSPICIOUS_MOVE = YES;
				CLANG_WARN_UNGUARDED_AVAILABILITY = YES_AGGRESSIVE;
				CLANG_WARN_UNREACHABLE_CODE = YES;
				CLANG_WARN__DUPLICATE_METHOD_MATCH = YES;
				COPY_PHASE_STRIP = NO;
				DEBUG_INFORMATION_FORMAT = dwarf;
				ENABLE_STRICT_OBJC_MSGSEND = YES;
				ENABLE_TESTABILITY = YES;
				GCC_C_LANGUAGE_STANDARD = gnu11;
				GCC_DYNAMIC_NO_PIC = NO;
				GCC_NO_COMMON_BLOCKS = YES;
				GCC_OPTIMIZATION_LEVEL = 0;
				GCC_PREPROCESSOR_DEFINITIONS = (
					"$(inherited)",
					"DEBUG=1",
				);
				GCC_WARN_64_TO_32_BIT_CONVERSION = YES;
				GCC_WARN_ABOUT_RETURN_TYPE = YES_ERROR;
				GCC_WARN_UNDECLARED_SELECTOR = YES;
				GCC_WARN_UNINITIALIZED_AUTOS = YES_AGGRESSIVE;
				GCC_WARN_UNUSED_FUNCTION = YES;
				GCC_WARN_UNUSED_VARIABLE = YES;
				IPHONEOS_DEPLOYMENT_TARGET = 17.0;
				MTL_ENABLE_DEBUG_INFO = INCLUDE_SOURCE;
				MTL_FAST_MATH = YES;
				ONLY_ACTIVE_ARCH = YES;
				PRODUCT_NAME = "$(TARGET_NAME)";
				SDKROOT = iphoneos;
				SWIFT_ACTIVE_COMPILATION_CONDITIONS = DEBUG;
				SWIFT_OPTIMIZATION_LEVEL = "-Onone";
				SWIFT_VERSION = 5.0;
			};
			name = Debug;
		};
/* End XCBuildConfiguration section */

/* Begin XCConfigurationList section */
		114C83BCD2E43CC8F9F885C3 /* Build configuration list for PBXNativeTarget "CallerIDExtension" */ = {
			isa = XCConfigurationList;
			buildConfigurations = (
				7D09DCEE87D99924741A594B /* Debug */,
				32F6CC04F08E5B02716CC47B /* Release */,
			);
			defaultConfigurationIsVisible = 0;
			defaultConfigurationName = Debug;
		};
		2065CB13BB80B43220EDC455 /* Build configuration list for PBXProject "CubaCellConnect" */ = {
			isa = XCConfigurationList;
			buildConfigurations = (
				E902A6AA461F49BB27195211 /* Debug */,
				4E504E35AD3894435552BE19 /* Release */,
			);
			defaultConfigurationIsVisible = 0;
			defaultConfigurationName = Debug;
		};
		97B7023721A6249217127C5F /* Build configuration list for PBXNativeTarget "CubaCellConnect" */ = {
			isa = XCConfigurationList;
			buildConfigurations = (
				AE575407A92F4E9F1C5F8C7B /* Debug */,
				E58AAA608318EA2A8EE7521A /* Release */,
			);
			defaultConfigurationIsVisible = 0;
			defaultConfigurationName = Debug;
		};
/* End XCConfigurationList section */
	};
	rootObject = AF807CCAB1C395A92E84DDF1 /* Project object */;
}
